schema: '2.0'
stages:
  merge:
    cmd: python3 ../../../src/transformer/merge_jsons.py ../../../data/raw/chrome/03_29_2023
      ../../../data/merged/chrome/03_29_2023
    deps:
    - path: ../../../data/raw/chrome/03_29_2023
      md5: e5b8503a640158fd3520080a49491c0f.dir
      size: 204561412
      nfiles: 14
    - path: ../../../src/transformer/merge_jsons.py
      md5: 98c73a8831ca01aa961f6c8de5509a7f
      size: 3470
    outs:
    - path: ../../../data/merged/chrome/03_29_2023/merged_data.json.gz
      md5: d6c0a083cf39929e00b010920461a2d6
      size: 123121857
  parse_to_parquet:
    cmd: python3 ../../../run_pipeline.py parse_raw_data.py chrome 03_29_2023 merged_data
      processed
    deps:
    - path: ../../../data/merged/chrome/03_29_2023/merged_data.json.gz
      md5: d6c0a083cf39929e00b010920461a2d6
      size: 123121857
    - path: ../../../run_pipeline.py
      md5: eb67bdd44f17a948c912d3cf3ffaa16e
      size: 2481
    - path: ../../../src/pipeline_functions/parse_raw_data_functions.py
      md5: e9d989a14f5baaf0f9b99a33bb74051b
      size: 13411
    - path: ../../../src/transformer/parse_raw_data.py
      md5: ce32925519c88d9f018f55998c7f0b86
      size: 4639
    outs:
    - path: ../../../data/processed/chrome/03_29_2023/merged_data.parquet.gzip
      md5: c850c4f6e341cbdf37374c003c1bd45b
      size: 87896892
  pre_processing:
    cmd: python3 ../../../run_pipeline.py data_preprocessing.py chrome 08_12_2022
      train_set_01 chrome 03_29_2023 merged_data other
    deps:
    - path: ../../../data/processed/chrome/03_29_2023/merged_data.parquet.gzip
      md5: c850c4f6e341cbdf37374c003c1bd45b
      size: 87896892
    - path: ../../../data/processed/chrome/08_12_2022/train_set_01.parquet.gzip
      md5: 48a5b7338fd358d386e7a6e5b043d0a5
      size: 46473012
    - path: ../../../run_pipeline.py
      md5: eb67bdd44f17a948c912d3cf3ffaa16e
      size: 2481
    - path: ../../../src/pipeline_functions/data_preprocessing_functions.py
      md5: 0cb922717d8c00e2a58cb1f9cfcb65c8
      size: 11283
    - path: ../../../src/transformer/data_preprocessing.py
      md5: 53c6607112097aa6f5e6168c66d6943e
      size: 10298
    outs:
    - path: ../../../data/processed/chrome/03_29_2023/merged_data_processed.parquet.gzip
      md5: 45d05c7c9554d2e1d7cffb56c0e1b636
      size: 38693359
    - path: ../../../data/processed/chrome/08_12_2022/train_set_01_processed.parquet.gzip
      md5: 1c717cb894e38f4d80a991c09b856aa5
      size: 14539875
  feature_engineering:
    cmd: python3 ../../../run_pipeline.py feature_engineering.py chrome 08_12_2022
      train_set_01_processed chrome 03_29_2023 merged_data_processed binary_encoding
    deps:
    - path: ../../../data/processed/chrome/03_29_2023/merged_data_processed.parquet.gzip
      md5: 45d05c7c9554d2e1d7cffb56c0e1b636
      size: 38693359
    - path: ../../../data/processed/chrome/08_12_2022/train_set_01_processed.parquet.gzip
      md5: 1c717cb894e38f4d80a991c09b856aa5
      size: 14539875
    - path: ../../../run_pipeline.py
      md5: eb67bdd44f17a948c912d3cf3ffaa16e
      size: 2481
    - path: ../../../src/features/feature_engineering.py
      md5: cd6df598944776141380014875727dc5
      size: 12272
    - path: ../../../src/pipeline_functions/feature_engineering_functions.py
      md5: 60bb89ea9a02f907f9d0ad56a77e5979
      size: 7375
    outs:
    - path: ../../../data/processed/chrome/03_29_2023/merged_data_featurized_BE.parquet.gzip
      md5: b420332944f372271848d3cb197108c3
      size: 3306107
    - path: 
        ../../../data/processed/chrome/08_12_2022/train_set_01_featurized_BE.parquet.gzip
      md5: d4c7842e3f36acfe751e0d3ee5b06c43
      size: 1684006
  model_training:
    cmd: python3 run_pipeline.py train_model.py chrome 08_12_2022 train_set_featurized_BE
      binary chrome_old_BE
    deps:
    - path: data/processed/chrome/08_12_2022/train_set_featurized_BE.parquet.gzip
      md5: 34289ba0d2245a7d61d0029a6932f1ba
      size: 3297303
    - path: src/models/train_model.py
      md5: abd27ffdf47cc1e98a2a240f2ecfce4c
      size: 4033
    outs:
    - path: models/chrome/08_12_2022/Ada_Boost_BE.sav.gz
      md5: 5ea6c96f072e931b6bdd8de872feb9d8
      size: 8062
    - path: models/chrome/08_12_2022/Bernoulli_NB_BE.sav.gz
      md5: bd9a94d6f77a8e9d48b656aa68679d1d
      size: 5384
    - path: models/chrome/08_12_2022/Decision_Tree_BE.sav.gz
      md5: 80918aac1f955100403440354bcc083b
      size: 209241
    - path: models/chrome/08_12_2022/Extra_Trees_Classifier_BE.sav.gz
      md5: 62544263ad9e2c19d505427c50a0d1cd
      size: 47559958
    - path: models/chrome/08_12_2022/Gaussian_NB_BE.sav.gz
      md5: 438a33c7f16c39a476477aa0afbbe730
      size: 6550
    - path: models/chrome/08_12_2022/Gradient_Boosting_BE.sav.gz
      md5: 61363e9ea176ad4eb627925efeb7cc38
      size: 41348
    - path: models/chrome/08_12_2022/Hist_GB_BE.sav.gz
      md5: 5f567e0a2200bbe428da93ef47e71cd2
      size: 146926
    - path: models/chrome/08_12_2022/LightGBM_BE.sav.gz
      md5: da04180a78aa04101f14644a701d97ec
      size: 134258
    - path: models/chrome/08_12_2022/Logistic_Regression_BE.sav.gz
      md5: d1563372145c0bdd4440c8560bc10ae0
      size: 3347
    - path: models/chrome/08_12_2022/Random_Forest_BE.sav.gz
      md5: c74dd4dd2d006ff93565eeeb9b61452c
      size: 18574429
    - path: models/chrome/08_12_2022/XGBoost_BE.sav.gz
      md5: 7f2972769bb17ea4a770fee79f427ac4
      size: 91147
    - path: models/result_metrics/chrome_old_BE.csv
      md5: 11a7d34d9c3cc0db10fb7fa3d81fc9d4
      size: 2110
  model_evaluation:
    cmd: python3 ../../../run_pipeline.py test_model.py chrome 03_29_2023 merged_data_featurized_BE
      chrome_new_BE
    deps:
    - path: ../../../data/processed/chrome/03_29_2023/merged_data_featurized_BE.parquet.gzip
      md5: 4a6189ff3d548d6b4e120965d32ebce5
      size: 3306131
    - path: ../../../models/chrome/08_12_2022/Ada_Boost_BE.sav.gz
      md5: 284e37b3e425009338dec468892bec9f
      size: 7959
    - path: ../../../models/chrome/08_12_2022/Bernoulli_NB_BE.sav.gz
      md5: 5cb7ea47fdd653d329a4705861e387c9
      size: 4908
    - path: ../../../models/chrome/08_12_2022/Decision_Tree_BE.sav.gz
      md5: 71bbe806ed0f4619f06c26b7f0b0e776
      size: 126801
    - path: ../../../models/chrome/08_12_2022/Extra_Trees_Classifier_BE.sav.gz
      md5: 4da484c8411c1cd9f690c3eac09aa8d6
      size: 28462920
    - path: ../../../models/chrome/08_12_2022/Gaussian_NB_BE.sav.gz
      md5: 552d0a4929c2b9afc354b85074d765ee
      size: 6077
    - path: ../../../models/chrome/08_12_2022/Gradient_Boosting_BE.sav.gz
      md5: 825a6ba2a6226e103d920f9bb717e8c1
      size: 41096
    - path: ../../../models/chrome/08_12_2022/Hist_GB_BE.sav.gz
      md5: 41641969586e87dfbe3506c31caf80ea
      size: 145058
    - path: ../../../models/chrome/08_12_2022/LightGBM_BE.sav.gz
      md5: 8e20c92645f34ae45bfa4c28f38f5ade
      size: 132553
    - path: ../../../models/chrome/08_12_2022/Logistic_Regression_BE.sav.gz
      md5: b43454129a95889e6312c495ae44afcd
      size: 3166
    - path: ../../../models/chrome/08_12_2022/Random_Forest_BE.sav.gz
      md5: 08c7d004b885fb28fcad1e8e0ea29113
      size: 11159017
    - path: ../../../models/chrome/08_12_2022/XGBoost_BE.sav.gz
      md5: 77789056c1f0de1f74dc07a413fecfd2
      size: 85299
    - path: ../../../src/models/test_model.py
      md5: 145c377de59da394def8eed45f25533e
      size: 1754
    outs:
    - path: ../../../models/result_metrics/chrome_new_BE.csv
      md5: dec2fe71c9fd0abc9adadc422a116b6a
      size: 1410
    - path: ../../../models/result_metrics/chrome_new_BE_CI.csv
      md5: 44f69eeeec92c55483669c8f7ffe8132
      size: 1943
  merge@brave:
    cmd: python3 src/transformer/merge_jsons.py data/raw/brave/08_12_2022 data/merged/brave/08_12_2022
      request
    deps:
    - path: data/raw/brave/08_12_2022
      md5: 12ad2682b82b8e3cbcec4f6c6b692484.dir
      size: 109590451
      nfiles: 2
    - path: src/transformer/merge_jsons.py
      md5: 10fda0cbce0f34e83c1d5ac68da23bdd
      size: 5187
    outs:
    - path: data/merged/brave/08_12_2022/merged_data_request.json.gz
      md5: 7c1c2704e56420b79091ccd2acc5ac9a
      size: 27184783
  merge@chrome/08_12_2022:
    cmd: python3 src/transformer/merge_jsons.py data/raw/chrome/08_12_2022 data/merged/chrome/08_12_2022
    deps:
    - path: data/raw/chrome/08_12_2022
      md5: b83b3a7e8a0f840612a3ae460428cfae.dir
      size: 232154726
      nfiles: 2
    - path: src/transformer/merge_jsons.py
      md5: 98c73a8831ca01aa961f6c8de5509a7f
      size: 3470
    outs:
    - path: data/merged/chrome/08_12_2022/merged_data.json.gz
      md5: 386f554979d12e787679cd7906d4c53f
      size: 135996306
  merge@chrome/03_29_2023:
    cmd: python3 src/transformer/merge_jsons.py data/raw/chrome/03_29_2023 data/merged/chrome/03_29_2023
    deps:
    - path: data/raw/chrome/03_29_2023
      md5: e9dfc3a371f3ff86c4bb6ab913620a64.dir
      size: 204555264
      nfiles: 13
    - path: src/transformer/merge_jsons.py
      md5: 98c73a8831ca01aa961f6c8de5509a7f
      size: 3470
    outs:
    - path: data/merged/chrome/03_29_2023/merged_data.json.gz
      md5: fa63b4cef02c8eb1be422d7bfea7d4c2
      size: 123121857
  merge@brave/08_12_2022:
    cmd: python3 src/transformer/merge_jsons.py data/raw/brave/08_12_2022 data/merged/brave/08_12_2022
    deps:
    - path: data/raw/brave/08_12_2022
      md5: 12ad2682b82b8e3cbcec4f6c6b692484.dir
      size: 109590451
      nfiles: 2
    - path: src/transformer/merge_jsons.py
      md5: 98c73a8831ca01aa961f6c8de5509a7f
      size: 3470
    outs:
    - path: data/merged/brave/08_12_2022/merged_data.json.gz
      md5: c15e69cd57e070da750132ddca11364c
      size: 72086512
  merge@chrome_old:
    cmd: python3 src/transformer/merge_jsons.py data/raw/chrome/08_12_2022 data/merged/chrome/08_12_2022
      request
    deps:
    - path: data/raw/chrome/08_12_2022
      md5: b83b3a7e8a0f840612a3ae460428cfae.dir
      size: 232154726
      nfiles: 2
    - path: src/transformer/merge_jsons.py
      md5: 10fda0cbce0f34e83c1d5ac68da23bdd
      size: 5187
    outs:
    - path: data/merged/chrome/08_12_2022/merged_data_request.json.gz
      md5: 5eb123041f8e8a6aaccc042c1dcae654
      size: 84822176
  merge@chrome_new:
    cmd: python3 src/transformer/merge_jsons.py data/raw/chrome/03_29_2023 data/merged/chrome/03_29_2023
      request
    deps:
    - path: data/raw/chrome/03_29_2023
      md5: 16f223efdb3cb89c7415f9f93afc7401.dir
      size: 204561412
      nfiles: 14
    - path: src/transformer/merge_jsons.py
      md5: 10fda0cbce0f34e83c1d5ac68da23bdd
      size: 5187
    outs:
    - path: data/merged/chrome/03_29_2023/merged_data_request.json.gz
      md5: c37c6daed6a21eeea1cd09c5083b660b
      size: 72825767
  parse_to_parquet@chrome_new:
    cmd: python3 run_pipeline.py parse_raw_data.py chrome 03_29_2023 merged_data processed
    deps:
    - path: data/merged/chrome/03_29_2023/merged_data.json.gz
      md5: fa63b4cef02c8eb1be422d7bfea7d4c2
      size: 123121857
    - path: run_pipeline.py
      md5: 77b5723a5b78ec43fd9c8411a8f04fdc
      size: 2766
    - path: src/pipeline_functions/parse_raw_data_functions.py
      md5: 04fb59bc6e7296b385b92e0fcb605762
      size: 13402
    - path: src/transformer/parse_raw_data.py
      md5: fa5bc91070a705855719d2b6d7581188
      size: 4584
    outs:
    - path: data/processed/chrome/03_29_2023/merged_data.parquet.gzip
      md5: cd359a66955f0e22c0f05a9406f85b89
      size: 87896883
  parse_to_parquet@brave:
    cmd: python3 run_pipeline.py parse_raw_data.py brave 08_12_2022 merged_data processed
    deps:
    - path: data/merged/brave/08_12_2022/merged_data.json.gz
      md5: c15e69cd57e070da750132ddca11364c
      size: 72086512
    - path: run_pipeline.py
      md5: 77b5723a5b78ec43fd9c8411a8f04fdc
      size: 2766
    - path: src/pipeline_functions/parse_raw_data_functions.py
      md5: 04fb59bc6e7296b385b92e0fcb605762
      size: 13402
    - path: src/transformer/parse_raw_data.py
      md5: fa5bc91070a705855719d2b6d7581188
      size: 4584
    outs:
    - path: data/processed/brave/08_12_2022/merged_data.parquet.gzip
      md5: be3058586e1ce86dfc4cfa70303d728a
      size: 60299586
  parse_to_parquet@chrome_old:
    cmd: python3 run_pipeline.py parse_raw_data.py chrome 08_12_2022 merged_data processed
    deps:
    - path: data/merged/chrome/08_12_2022/merged_data.json.gz
      md5: 386f554979d12e787679cd7906d4c53f
      size: 135996306
    - path: run_pipeline.py
      md5: 77b5723a5b78ec43fd9c8411a8f04fdc
      size: 2766
    - path: src/pipeline_functions/parse_raw_data_functions.py
      md5: 04fb59bc6e7296b385b92e0fcb605762
      size: 13402
    - path: src/transformer/parse_raw_data.py
      md5: fa5bc91070a705855719d2b6d7581188
      size: 4584
    outs:
    - path: data/processed/chrome/08_12_2022/merged_data.parquet.gzip
      md5: 9f5e6b193a46fdd5d1e16f3700ea1d7a
      size: 95379203
  train_test_split:
    cmd: python3 run_pipeline.py train_test_split.py chrome 08_12_2022 merged_data
    deps:
    - path: data/processed/chrome/08_12_2022/merged_data.parquet.gzip
      md5: 9f5e6b193a46fdd5d1e16f3700ea1d7a
      size: 95379203
    - path: src/pipeline_functions/train_test_split_functions.py
      md5: 4392b1978c7d9328dd8d2ed5c1baf07a
      size: 6898
    - path: src/transformer/train_test_split.py
      md5: 46cdd14a21e3e17736e2a5eff04997bd
      size: 2149
    outs:
    - path: data/processed/chrome/08_12_2022/calibration_set.parquet.gzip
      md5: c2dc40b626c00d1776d2257bc4fadabd
      size: 17072786
    - path: data/processed/chrome/08_12_2022/test_set.parquet.gzip
      md5: 00475a21d5bb1cc75955b093215df20b
      size: 33311344
    - path: data/processed/chrome/08_12_2022/train_set.parquet.gzip
      md5: e8e66d6bdeeec47fe991bcebf89e0a9c
      size: 103387793
  merge@firefox:
    cmd: python3 src/transformer/merge_jsons.py data/raw/firefox/08_12_2022 data/merged/firefox/08_12_2022
      request
    deps:
    - path: data/raw/firefox/08_12_2022
      md5: 233ccf36ea7ca5a0b791cc3b4e489487.dir
      size: 217382839
      nfiles: 3
    - path: src/transformer/merge_jsons.py
      md5: 10fda0cbce0f34e83c1d5ac68da23bdd
      size: 5187
    outs:
    - path: data/merged/firefox/08_12_2022/merged_data_request.json.gz
      md5: f638a9c700f1d02b030838cfae54a2b9
      size: 74145418
  parse_to_parquet@firefox:
    cmd: python3 run_pipeline.py parse_raw_data.py firefox 08_12_2022 merged_data
      processed
    deps:
    - path: data/merged/firefox/08_12_2022/merged_data.json.gz
      md5: 922171d7f02bd9bbc9b5247a17f0e880
      size: 134021753
    - path: run_pipeline.py
      md5: 77b5723a5b78ec43fd9c8411a8f04fdc
      size: 2766
    - path: src/pipeline_functions/parse_raw_data_functions.py
      md5: 04fb59bc6e7296b385b92e0fcb605762
      size: 13402
    - path: src/transformer/parse_raw_data.py
      md5: fa5bc91070a705855719d2b6d7581188
      size: 4584
    outs:
    - path: data/processed/firefox/08_12_2022/merged_data.parquet.gzip
      md5: 35c0b5bdace5ea28eb880ed28d96601b
      size: 91538248
  pre_processing_train_set:
    cmd: python3 run_pipeline.py data_preprocessing_config.py  chrome 08_12_2022 train_set
      preprocessing_config.json False
    deps:
    - path: data/processed/chrome/08_12_2022/train_set.parquet.gzip
      md5: e8e66d6bdeeec47fe991bcebf89e0a9c
      size: 103387793
    - path: run_pipeline.py
      md5: 6624aff553f4b402f8b03dcd7dd780a0
      size: 1989
    - path: src/pipeline_functions/data_preprocessing_functions.py
      md5: 0cb922717d8c00e2a58cb1f9cfcb65c8
      size: 11283
    - path: src/transformer/data_preprocessing_config.py
      md5: cacc999c0e2ace4a7f49b3338faf955e
      size: 11255
    outs:
    - path: data/processed/chrome/08_12_2022/train_set_processed.parquet.gzip
      md5: 1a4e8875bf6f1a693ca71e7af137e84d
      size: 33200367
    - path: preprocessing_config.json
      md5: 938b098c35cb4ea769a43ef3f183d7f2
      size: 640747
  pre_processing_other_sets@firefox:
    cmd: python3 run_pipeline.py data_preprocessing_config.py  firefox 08_12_2022
      merged_data preprocessing_config.json true
    deps:
    - path: data/processed/firefox/08_12_2022/merged_data.parquet.gzip
      md5: 35c0b5bdace5ea28eb880ed28d96601b
      size: 91538248
    - path: preprocessing_config.json
      md5: 89c940336014e48b97415c4897b70a86
      size: 628600
    - path: run_pipeline.py
      md5: 0fd5439346b047703a77a37d91fab039
      size: 2028
    - path: src/pipeline_functions/data_preprocessing_functions.py
      md5: 0cb922717d8c00e2a58cb1f9cfcb65c8
      size: 11283
    - path: src/transformer/data_preprocessing_config.py
      md5: cacc999c0e2ace4a7f49b3338faf955e
      size: 11255
    outs:
    - path: data/processed/firefox/08_12_2022/merged_data_processed.parquet.gzip
      md5: 0b80c9fb8789fbb91483a0cb4f8475e3
      size: 40212729
  pre_processing_other_sets@chrome_new:
    cmd: python3 run_pipeline.py data_preprocessing_config.py  chrome 03_29_2023 merged_data
      preprocessing_config.json true
    deps:
    - path: data/processed/chrome/03_29_2023/merged_data.parquet.gzip
      md5: cd359a66955f0e22c0f05a9406f85b89
      size: 87896883
    - path: preprocessing_config.json
      md5: 89c940336014e48b97415c4897b70a86
      size: 628600
    - path: run_pipeline.py
      md5: 0fd5439346b047703a77a37d91fab039
      size: 2028
    - path: src/pipeline_functions/data_preprocessing_functions.py
      md5: 0cb922717d8c00e2a58cb1f9cfcb65c8
      size: 11283
    - path: src/transformer/data_preprocessing_config.py
      md5: cacc999c0e2ace4a7f49b3338faf955e
      size: 11255
    outs:
    - path: data/processed/chrome/03_29_2023/merged_data_processed.parquet.gzip
      md5: 7445a674c04c9160430f515a605bc38a
      size: 38737461
  pre_processing_other_sets@brave:
    cmd: python3 run_pipeline.py data_preprocessing_config.py  brave 08_12_2022 merged_data
      preprocessing_config.json true
    deps:
    - path: data/processed/brave/08_12_2022/merged_data.parquet.gzip
      md5: be3058586e1ce86dfc4cfa70303d728a
      size: 60299586
    - path: preprocessing_config.json
      md5: 89c940336014e48b97415c4897b70a86
      size: 628600
    - path: run_pipeline.py
      md5: 0fd5439346b047703a77a37d91fab039
      size: 2028
    - path: src/pipeline_functions/data_preprocessing_functions.py
      md5: 0cb922717d8c00e2a58cb1f9cfcb65c8
      size: 11283
    - path: src/transformer/data_preprocessing_config.py
      md5: cacc999c0e2ace4a7f49b3338faf955e
      size: 11255
    outs:
    - path: data/processed/brave/08_12_2022/merged_data_processed.parquet.gzip
      md5: 207c70050c29eecc18aee3525ceb4631
      size: 30209009
  pre_processing_other_sets@chrome_old_calibration:
    cmd: python3 run_pipeline.py data_preprocessing_config.py  chrome 08_12_2022 calibration_set
      preprocessing_config.json false
    deps:
    - path: data/processed/chrome/08_12_2022/calibration_set.parquet.gzip
      md5: 8915efc1bf2e29ad7f39e54499eb7b60
      size: 15954253
    - path: preprocessing_config.json
      md5: 89c940336014e48b97415c4897b70a86
      size: 628600
    - path: run_pipeline.py
      md5: 0fd5439346b047703a77a37d91fab039
      size: 2028
    - path: src/pipeline_functions/data_preprocessing_functions.py
      md5: 0cb922717d8c00e2a58cb1f9cfcb65c8
      size: 11283
    - path: src/transformer/data_preprocessing_config.py
      md5: cacc999c0e2ace4a7f49b3338faf955e
      size: 11255
    outs:
    - path: data/processed/chrome/08_12_2022/calibration_set_processed.parquet.gzip
      md5: 651682949721cd8f0dea92f9c7c9959a
      size: 4007443
  pre_processing_other_sets@chrome_old:
    cmd: python3 run_pipeline.py data_preprocessing_config.py  chrome 08_12_2022 merged_data
      preprocessing_config.json false
    deps:
    - path: data/processed/chrome/08_12_2022/merged_data.parquet.gzip
      md5: 9f5e6b193a46fdd5d1e16f3700ea1d7a
      size: 95379203
    - path: preprocessing_config.json
      md5: 89c940336014e48b97415c4897b70a86
      size: 628600
    - path: run_pipeline.py
      md5: c018cae3ffd60104b7a7855119714fcd
      size: 2850
    - path: src/pipeline_functions/data_preprocessing_functions.py
      md5: 0cb922717d8c00e2a58cb1f9cfcb65c8
      size: 11283
    - path: src/transformer/data_preprocessing_config.py
      md5: 8eebb6c9589973af0dc1cc3f8cbd2e24
      size: 11706
    outs:
    - path: data/processed/chrome/08_12_2022/merged_data_processed.parquet.gzip
      md5: 8f5ea89d7c31796ac443e6fda55c1f00
      size: 40246600
  pre_processing_other_sets@chrome_old_validation:
    cmd: python3 run_pipeline.py data_preprocessing_config.py  chrome 08_12_2022 validation_set
      preprocessing_config.json false
    deps:
    - path: data/processed/chrome/08_12_2022/validation_set.parquet.gzip
      md5: bc0f697176b6063bd10118bfab0dca21
      size: 17072786
    - path: preprocessing_config.json
      md5: 89c940336014e48b97415c4897b70a86
      size: 628600
    - path: run_pipeline.py
      md5: 0fd5439346b047703a77a37d91fab039
      size: 2028
    - path: src/pipeline_functions/data_preprocessing_functions.py
      md5: 0cb922717d8c00e2a58cb1f9cfcb65c8
      size: 11283
    - path: src/transformer/data_preprocessing_config.py
      md5: cacc999c0e2ace4a7f49b3338faf955e
      size: 11255
    outs:
    - path: data/processed/chrome/08_12_2022/validation_set_processed.parquet.gzip
      md5: 8b31844daa00a497fd7e8c1f85f20482
      size: 4398405
  pre_processing_other_sets@chrome_old_test:
    cmd: python3 run_pipeline.py data_preprocessing_config.py  chrome 08_12_2022 test_set
      preprocessing_config.json false
    deps:
    - path: data/processed/chrome/08_12_2022/test_set.parquet.gzip
      md5: 00475a21d5bb1cc75955b093215df20b
      size: 33311344
    - path: preprocessing_config.json
      md5: 938b098c35cb4ea769a43ef3f183d7f2
      size: 640747
    - path: run_pipeline.py
      md5: 6624aff553f4b402f8b03dcd7dd780a0
      size: 1989
    - path: src/pipeline_functions/data_preprocessing_functions.py
      md5: 0cb922717d8c00e2a58cb1f9cfcb65c8
      size: 11283
    - path: src/transformer/data_preprocessing_config.py
      md5: cacc999c0e2ace4a7f49b3338faf955e
      size: 11255
    outs:
    - path: data/processed/chrome/08_12_2022/test_set_processed.parquet.gzip
      md5: f3c8e262a050398baf69b41746654cba
      size: 10141085
  feature_engineering@chrome_old_test:
    cmd: python3 run_pipeline.py feature_engineering.py chrome 08_12_2022 test_set
      binary_encoding
    deps:
    - path: data/processed/chrome/08_12_2022/test_set_processed.parquet.gzip
      md5: f3c8e262a050398baf69b41746654cba
      size: 10141085
    - path: run_pipeline.py
      md5: 6624aff553f4b402f8b03dcd7dd780a0
      size: 1989
    - path: src/features/feature_engineering.py
      md5: 6b280df177cbd4df81c8f190975aee34
      size: 13343
    - path: src/pipeline_functions/feature_engineering_functions.py
      md5: 60bb89ea9a02f907f9d0ad56a77e5979
      size: 7375
    outs:
    - path: data/processed/chrome/08_12_2022/test_set_featurized_BE.parquet.gzip
      md5: a49ce010e7525e7270bf4d4acc0fde68
      size: 1097215
  feature_engineering@chrome_old_train:
    cmd: python3 run_pipeline.py feature_engineering.py chrome 08_12_2022 train_set
      binary_encoding
    deps:
    - path: data/processed/chrome/08_12_2022/train_set_processed.parquet.gzip
      md5: 291f0738bf1d74fe1ff50f925aff5656
      size: 30055180
    - path: run_pipeline.py
      md5: 0fd5439346b047703a77a37d91fab039
      size: 2028
    - path: src/features/feature_engineering.py
      md5: 6b280df177cbd4df81c8f190975aee34
      size: 13343
    - path: src/pipeline_functions/feature_engineering_functions.py
      md5: 60bb89ea9a02f907f9d0ad56a77e5979
      size: 7375
    outs:
    - path: data/processed/chrome/08_12_2022/train_set_featurized_BE.parquet.gzip
      md5: 34289ba0d2245a7d61d0029a6932f1ba
      size: 3297303
  feature_engineering@chrome_new:
    cmd: python3 run_pipeline.py feature_engineering.py chrome 03_29_2023 merged_data
      binary_encoding
    deps:
    - path: data/processed/chrome/03_29_2023/merged_data_processed.parquet.gzip
      md5: 7445a674c04c9160430f515a605bc38a
      size: 38737461
    - path: run_pipeline.py
      md5: 0fd5439346b047703a77a37d91fab039
      size: 2028
    - path: src/features/feature_engineering.py
      md5: 6b280df177cbd4df81c8f190975aee34
      size: 13343
    - path: src/pipeline_functions/feature_engineering_functions.py
      md5: 60bb89ea9a02f907f9d0ad56a77e5979
      size: 7375
    outs:
    - path: data/processed/chrome/03_29_2023/merged_data_featurized_BE.parquet.gzip
      md5: 953a5348ee7894ccd870bed0715d6dd8
      size: 3313213
  feature_engineering@brave:
    cmd: python3 run_pipeline.py feature_engineering.py brave 08_12_2022 merged_data
      binary_encoding
    deps:
    - path: data/processed/brave/08_12_2022/merged_data_processed.parquet.gzip
      md5: 207c70050c29eecc18aee3525ceb4631
      size: 30209009
    - path: run_pipeline.py
      md5: 0fd5439346b047703a77a37d91fab039
      size: 2028
    - path: src/features/feature_engineering.py
      md5: 6b280df177cbd4df81c8f190975aee34
      size: 13343
    - path: src/pipeline_functions/feature_engineering_functions.py
      md5: 60bb89ea9a02f907f9d0ad56a77e5979
      size: 7375
    outs:
    - path: data/processed/brave/08_12_2022/merged_data_featurized_BE.parquet.gzip
      md5: c7d66471990cfb09d970e3fce78c7df7
      size: 1864380
  feature_engineering@chrome_old_calibration:
    cmd: python3 run_pipeline.py feature_engineering.py chrome 08_12_2022 calibration_set
      binary_encoding
    deps:
    - path: data/processed/chrome/08_12_2022/calibration_set_processed.parquet.gzip
      md5: 651682949721cd8f0dea92f9c7c9959a
      size: 4007443
    - path: run_pipeline.py
      md5: 0fd5439346b047703a77a37d91fab039
      size: 2028
    - path: src/features/feature_engineering.py
      md5: 6b280df177cbd4df81c8f190975aee34
      size: 13343
    - path: src/pipeline_functions/feature_engineering_functions.py
      md5: 60bb89ea9a02f907f9d0ad56a77e5979
      size: 7375
    outs:
    - path: data/processed/chrome/08_12_2022/calibration_set_featurized_BE.parquet.gzip
      md5: 95026e21bdaf0f733376decd026bfaa2
      size: 490447
  feature_engineering@chrome_old_validation:
    cmd: python3 run_pipeline.py feature_engineering.py chrome 08_12_2022 validation_set
      binary_encoding
    deps:
    - path: data/processed/chrome/08_12_2022/validation_set_processed.parquet.gzip
      md5: 8b31844daa00a497fd7e8c1f85f20482
      size: 4398405
    - path: run_pipeline.py
      md5: 0fd5439346b047703a77a37d91fab039
      size: 2028
    - path: src/features/feature_engineering.py
      md5: 6b280df177cbd4df81c8f190975aee34
      size: 13343
    - path: src/pipeline_functions/feature_engineering_functions.py
      md5: 60bb89ea9a02f907f9d0ad56a77e5979
      size: 7375
    outs:
    - path: data/processed/chrome/08_12_2022/validation_set_featurized_BE.parquet.gzip
      md5: 16bfda6c5a898ed781d8dde6ce69b15c
      size: 529968
  feature_engineering@firefox:
    cmd: python3 run_pipeline.py feature_engineering.py firefox 08_12_2022 merged_data
      binary_encoding
    deps:
    - path: data/processed/firefox/08_12_2022/merged_data_processed.parquet.gzip
      md5: 0b80c9fb8789fbb91483a0cb4f8475e3
      size: 40212729
    - path: run_pipeline.py
      md5: 0fd5439346b047703a77a37d91fab039
      size: 2028
    - path: src/features/feature_engineering.py
      md5: 6b280df177cbd4df81c8f190975aee34
      size: 13343
    - path: src/pipeline_functions/feature_engineering_functions.py
      md5: 60bb89ea9a02f907f9d0ad56a77e5979
      size: 7375
    outs:
    - path: data/processed/firefox/08_12_2022/merged_data_featurized_BE.parquet.gzip
      md5: b273401dd4b2c84cbd3172368d2d9651
      size: 3527379
  model_evaluation@brave:
    cmd: python3 run_pipeline.py test_model.py brave 08_12_2022 merged_data
    deps:
    - path: data/processed/brave/08_12_2022/merged_data_featurized_BE.parquet.gzip
      md5: c7d66471990cfb09d970e3fce78c7df7
      size: 1864380
    - path: models/chrome/08_12_2022/Ada_Boost_BE.sav.gz
      md5: 5ea6c96f072e931b6bdd8de872feb9d8
      size: 8062
    - path: models/chrome/08_12_2022/Bernoulli_NB_BE.sav.gz
      md5: bd9a94d6f77a8e9d48b656aa68679d1d
      size: 5384
    - path: models/chrome/08_12_2022/Decision_Tree_BE.sav.gz
      md5: 80918aac1f955100403440354bcc083b
      size: 209241
    - path: models/chrome/08_12_2022/Extra_Trees_Classifier_BE.sav.gz
      md5: 62544263ad9e2c19d505427c50a0d1cd
      size: 47559958
    - path: models/chrome/08_12_2022/Gaussian_NB_BE.sav.gz
      md5: 438a33c7f16c39a476477aa0afbbe730
      size: 6550
    - path: models/chrome/08_12_2022/Gradient_Boosting_BE.sav.gz
      md5: 61363e9ea176ad4eb627925efeb7cc38
      size: 41348
    - path: models/chrome/08_12_2022/Hist_GB_BE.sav.gz
      md5: 5f567e0a2200bbe428da93ef47e71cd2
      size: 146926
    - path: models/chrome/08_12_2022/LightGBM_BE.sav.gz
      md5: da04180a78aa04101f14644a701d97ec
      size: 134258
    - path: models/chrome/08_12_2022/Logistic_Regression_BE.sav.gz
      md5: d1563372145c0bdd4440c8560bc10ae0
      size: 3347
    - path: models/chrome/08_12_2022/Random_Forest_BE.sav.gz
      md5: c74dd4dd2d006ff93565eeeb9b61452c
      size: 18574429
    - path: models/chrome/08_12_2022/XGBoost_BE.sav.gz
      md5: 7f2972769bb17ea4a770fee79f427ac4
      size: 91147
    - path: run_pipeline.py
      md5: 6624aff553f4b402f8b03dcd7dd780a0
      size: 1989
    - path: src/models/test_model.py
      md5: 69a8c4a2c68b645a82c18ecdc1084ab6
      size: 1784
    outs:
    - path: models/result_metrics/brave_08_12_2022_merged_data.csv
      md5: c61bd3f4d1f466b34d97be1e7d09b2ff
      size: 1212
    - path: models/result_metrics/brave_08_12_2022_merged_data_CI.csv
      md5: 4cb811df3f12abe757378805d570e6d9
      size: 1622
  model_evaluation@chrome_old_calibration:
    cmd: python3 run_pipeline.py test_model.py chrome 08_12_2022 calibration_set
    deps:
    - path: data/processed/chrome/08_12_2022/calibration_set_featurized_BE.parquet.gzip
      md5: 95026e21bdaf0f733376decd026bfaa2
      size: 490447
    - path: models/chrome/08_12_2022/Ada_Boost_BE.sav.gz
      md5: 5ea6c96f072e931b6bdd8de872feb9d8
      size: 8062
    - path: models/chrome/08_12_2022/Bernoulli_NB_BE.sav.gz
      md5: bd9a94d6f77a8e9d48b656aa68679d1d
      size: 5384
    - path: models/chrome/08_12_2022/Decision_Tree_BE.sav.gz
      md5: 80918aac1f955100403440354bcc083b
      size: 209241
    - path: models/chrome/08_12_2022/Extra_Trees_Classifier_BE.sav.gz
      md5: 62544263ad9e2c19d505427c50a0d1cd
      size: 47559958
    - path: models/chrome/08_12_2022/Gaussian_NB_BE.sav.gz
      md5: 438a33c7f16c39a476477aa0afbbe730
      size: 6550
    - path: models/chrome/08_12_2022/Gradient_Boosting_BE.sav.gz
      md5: 61363e9ea176ad4eb627925efeb7cc38
      size: 41348
    - path: models/chrome/08_12_2022/Hist_GB_BE.sav.gz
      md5: 5f567e0a2200bbe428da93ef47e71cd2
      size: 146926
    - path: models/chrome/08_12_2022/LightGBM_BE.sav.gz
      md5: da04180a78aa04101f14644a701d97ec
      size: 134258
    - path: models/chrome/08_12_2022/Logistic_Regression_BE.sav.gz
      md5: d1563372145c0bdd4440c8560bc10ae0
      size: 3347
    - path: models/chrome/08_12_2022/Random_Forest_BE.sav.gz
      md5: c74dd4dd2d006ff93565eeeb9b61452c
      size: 18574429
    - path: models/chrome/08_12_2022/XGBoost_BE.sav.gz
      md5: 7f2972769bb17ea4a770fee79f427ac4
      size: 91147
    - path: run_pipeline.py
      md5: 6624aff553f4b402f8b03dcd7dd780a0
      size: 1989
    - path: src/models/test_model.py
      md5: 69a8c4a2c68b645a82c18ecdc1084ab6
      size: 1784
    outs:
    - path: models/result_metrics/chrome_08_12_2022_calibration_set.csv
      md5: fee30fc3a9c31645d6a7f78f61e64e9b
      size: 1211
    - path: models/result_metrics/chrome_08_12_2022_calibration_set_CI.csv
      md5: 91745b282683c93849a655be1381eea2
      size: 1623
  model_evaluation@chrome_old_validation:
    cmd: python3 run_pipeline.py test_model.py chrome 08_12_2022 validation_set
    deps:
    - path: data/processed/chrome/08_12_2022/validation_set_featurized_BE.parquet.gzip
      md5: 16bfda6c5a898ed781d8dde6ce69b15c
      size: 529968
    - path: models/chrome/08_12_2022/Ada_Boost_BE.sav.gz
      md5: 3a40947026bc12794635a9da5cdb5910
      size: 8062
    - path: models/chrome/08_12_2022/Bernoulli_NB_BE.sav.gz
      md5: 3597d794b04307536ff06e83af66b06e
      size: 5384
    - path: models/chrome/08_12_2022/Decision_Tree_BE.sav.gz
      md5: 00964e3dcc8d60b56d4b5278314cf714
      size: 209241
    - path: models/chrome/08_12_2022/Extra_Trees_Classifier_BE.sav.gz
      md5: 11901cd5611d6a8397e68f1507844d13
      size: 47559958
    - path: models/chrome/08_12_2022/Gaussian_NB_BE.sav.gz
      md5: 9320dfe7322e866a1eb83dde81b81d6b
      size: 6550
    - path: models/chrome/08_12_2022/Gradient_Boosting_BE.sav.gz
      md5: 6e61577f41e5dfb0a278124a41dd4c22
      size: 41348
    - path: models/chrome/08_12_2022/Hist_GB_BE.sav.gz
      md5: e1fb80323b9a2ff1181d7af8d8f77b7b
      size: 146926
    - path: models/chrome/08_12_2022/LightGBM_BE.sav.gz
      md5: 785d589e3a54097d2860b38121b3bb66
      size: 134258
    - path: models/chrome/08_12_2022/Logistic_Regression_BE.sav.gz
      md5: 1f021780304f0d523c7af5e8966766b5
      size: 3347
    - path: models/chrome/08_12_2022/Random_Forest_BE.sav.gz
      md5: 77a0bda3bfe96a8f26babd9efe0e2646
      size: 18574429
    - path: models/chrome/08_12_2022/XGBoost_BE.sav.gz
      md5: 8589f5942ed850680fc2c069b1b3c419
      size: 91147
    - path: run_pipeline.py
      md5: 6624aff553f4b402f8b03dcd7dd780a0
      size: 1989
    - path: src/models/test_model.py
      md5: 69a8c4a2c68b645a82c18ecdc1084ab6
      size: 1784
    outs:
    - path: models/result_metrics/chrome_08_12_2022_validation_set.csv
      md5: 8f765f4832bc404ad0d579e58dbf7850
      size: 1361
    - path: models/result_metrics/chrome_08_12_2022_validation_set_CI.csv
      md5: c39c881077210a3955a08976fe79f6dc
      size: 1950
  model_evaluation@firefox:
    cmd: python3 run_pipeline.py test_model.py firefox 08_12_2022 merged_data
    deps:
    - path: data/processed/firefox/08_12_2022/merged_data_featurized_BE.parquet.gzip
      md5: b273401dd4b2c84cbd3172368d2d9651
      size: 3527379
    - path: models/chrome/08_12_2022/Ada_Boost_BE.sav.gz
      md5: 5ea6c96f072e931b6bdd8de872feb9d8
      size: 8062
    - path: models/chrome/08_12_2022/Bernoulli_NB_BE.sav.gz
      md5: bd9a94d6f77a8e9d48b656aa68679d1d
      size: 5384
    - path: models/chrome/08_12_2022/Decision_Tree_BE.sav.gz
      md5: 80918aac1f955100403440354bcc083b
      size: 209241
    - path: models/chrome/08_12_2022/Extra_Trees_Classifier_BE.sav.gz
      md5: 62544263ad9e2c19d505427c50a0d1cd
      size: 47559958
    - path: models/chrome/08_12_2022/Gaussian_NB_BE.sav.gz
      md5: 438a33c7f16c39a476477aa0afbbe730
      size: 6550
    - path: models/chrome/08_12_2022/Gradient_Boosting_BE.sav.gz
      md5: 61363e9ea176ad4eb627925efeb7cc38
      size: 41348
    - path: models/chrome/08_12_2022/Hist_GB_BE.sav.gz
      md5: 5f567e0a2200bbe428da93ef47e71cd2
      size: 146926
    - path: models/chrome/08_12_2022/LightGBM_BE.sav.gz
      md5: da04180a78aa04101f14644a701d97ec
      size: 134258
    - path: models/chrome/08_12_2022/Logistic_Regression_BE.sav.gz
      md5: d1563372145c0bdd4440c8560bc10ae0
      size: 3347
    - path: models/chrome/08_12_2022/Random_Forest_BE.sav.gz
      md5: c74dd4dd2d006ff93565eeeb9b61452c
      size: 18574429
    - path: models/chrome/08_12_2022/XGBoost_BE.sav.gz
      md5: 7f2972769bb17ea4a770fee79f427ac4
      size: 91147
    - path: run_pipeline.py
      md5: 6624aff553f4b402f8b03dcd7dd780a0
      size: 1989
    - path: src/models/test_model.py
      md5: 69a8c4a2c68b645a82c18ecdc1084ab6
      size: 1784
    outs:
    - path: models/result_metrics/firefox_08_12_2022_merged_data.csv
      md5: 61098cff9b3c79e259d57a7b2d80db1a
      size: 1259
    - path: models/result_metrics/firefox_08_12_2022_merged_data_CI.csv
      md5: 19e0603edcfa2cec3ef195f392be327d
      size: 1622
  model_evaluation@chrome_old_test:
    cmd: python3 run_pipeline.py test_model.py chrome 08_12_2022 test_set
    deps:
    - path: data/processed/chrome/08_12_2022/test_set_featurized_BE.parquet.gzip
      md5: a49ce010e7525e7270bf4d4acc0fde68
      size: 1097215
    - path: models/chrome/08_12_2022/Ada_Boost_BE.sav.gz
      md5: 5ea6c96f072e931b6bdd8de872feb9d8
      size: 8062
    - path: models/chrome/08_12_2022/Bernoulli_NB_BE.sav.gz
      md5: bd9a94d6f77a8e9d48b656aa68679d1d
      size: 5384
    - path: models/chrome/08_12_2022/Decision_Tree_BE.sav.gz
      md5: 80918aac1f955100403440354bcc083b
      size: 209241
    - path: models/chrome/08_12_2022/Extra_Trees_Classifier_BE.sav.gz
      md5: 62544263ad9e2c19d505427c50a0d1cd
      size: 47559958
    - path: models/chrome/08_12_2022/Gaussian_NB_BE.sav.gz
      md5: 438a33c7f16c39a476477aa0afbbe730
      size: 6550
    - path: models/chrome/08_12_2022/Gradient_Boosting_BE.sav.gz
      md5: 61363e9ea176ad4eb627925efeb7cc38
      size: 41348
    - path: models/chrome/08_12_2022/Hist_GB_BE.sav.gz
      md5: 5f567e0a2200bbe428da93ef47e71cd2
      size: 146926
    - path: models/chrome/08_12_2022/LightGBM_BE.sav.gz
      md5: da04180a78aa04101f14644a701d97ec
      size: 134258
    - path: models/chrome/08_12_2022/Logistic_Regression_BE.sav.gz
      md5: d1563372145c0bdd4440c8560bc10ae0
      size: 3347
    - path: models/chrome/08_12_2022/Random_Forest_BE.sav.gz
      md5: c74dd4dd2d006ff93565eeeb9b61452c
      size: 18574429
    - path: models/chrome/08_12_2022/XGBoost_BE.sav.gz
      md5: 7f2972769bb17ea4a770fee79f427ac4
      size: 91147
    - path: run_pipeline.py
      md5: 6624aff553f4b402f8b03dcd7dd780a0
      size: 1989
    - path: src/models/test_model.py
      md5: 69a8c4a2c68b645a82c18ecdc1084ab6
      size: 1784
    outs:
    - path: models/result_metrics/chrome_08_12_2022_test_set.csv
      md5: b4b04ae79d19ac214d039379a931879e
      size: 728
    - path: models/result_metrics/chrome_08_12_2022_test_set_CI.csv
      md5: ea481dbfd6eb1652f56175e7fb316c0f
      size: 1620
  model_evaluation@chrome_new:
    cmd: python3 run_pipeline.py test_model.py chrome 03_29_2023 merged_data
    deps:
    - path: data/processed/chrome/03_29_2023/merged_data_featurized_BE.parquet.gzip
      md5: 953a5348ee7894ccd870bed0715d6dd8
      size: 3313213
    - path: models/chrome/08_12_2022/Ada_Boost_BE.sav.gz
      md5: 5ea6c96f072e931b6bdd8de872feb9d8
      size: 8062
    - path: models/chrome/08_12_2022/Bernoulli_NB_BE.sav.gz
      md5: bd9a94d6f77a8e9d48b656aa68679d1d
      size: 5384
    - path: models/chrome/08_12_2022/Decision_Tree_BE.sav.gz
      md5: 80918aac1f955100403440354bcc083b
      size: 209241
    - path: models/chrome/08_12_2022/Extra_Trees_Classifier_BE.sav.gz
      md5: 62544263ad9e2c19d505427c50a0d1cd
      size: 47559958
    - path: models/chrome/08_12_2022/Gaussian_NB_BE.sav.gz
      md5: 438a33c7f16c39a476477aa0afbbe730
      size: 6550
    - path: models/chrome/08_12_2022/Gradient_Boosting_BE.sav.gz
      md5: 61363e9ea176ad4eb627925efeb7cc38
      size: 41348
    - path: models/chrome/08_12_2022/Hist_GB_BE.sav.gz
      md5: 5f567e0a2200bbe428da93ef47e71cd2
      size: 146926
    - path: models/chrome/08_12_2022/LightGBM_BE.sav.gz
      md5: da04180a78aa04101f14644a701d97ec
      size: 134258
    - path: models/chrome/08_12_2022/Logistic_Regression_BE.sav.gz
      md5: d1563372145c0bdd4440c8560bc10ae0
      size: 3347
    - path: models/chrome/08_12_2022/Random_Forest_BE.sav.gz
      md5: c74dd4dd2d006ff93565eeeb9b61452c
      size: 18574429
    - path: models/chrome/08_12_2022/XGBoost_BE.sav.gz
      md5: 7f2972769bb17ea4a770fee79f427ac4
      size: 91147
    - path: run_pipeline.py
      md5: 6624aff553f4b402f8b03dcd7dd780a0
      size: 1989
    - path: src/models/test_model.py
      md5: 69a8c4a2c68b645a82c18ecdc1084ab6
      size: 1784
    outs:
    - path: models/result_metrics/chrome_03_29_2023_merged_data.csv
      md5: e14dc4e66dd7a1c2442cb4591da1f4a4
      size: 1257
    - path: models/result_metrics/chrome_03_29_2023_merged_data_CI.csv
      md5: b3f80f8a28aa1af62ac3e0c48ad9024d
      size: 1613
  merge_request@chrome_new:
    cmd: python3 src/transformer/merge_jsons.py data/raw/chrome/03_29_2023 data/merged/chrome/03_29_2023
      request
    deps:
    - path: data/raw/chrome/03_29_2023
      md5: 16f223efdb3cb89c7415f9f93afc7401.dir
      size: 204561412
      nfiles: 14
    - path: src/transformer/merge_jsons.py
      md5: 28b6d39b4394adfff9242fee5b0540b2
      size: 5309
    outs:
    - path: data/merged/chrome/03_29_2023/merged_data_request.json.gz
      md5: d8090c473a1a6c8bd8fa3c4c3aa823fd
      size: 75259489
  merge_request@chrome_old:
    cmd: python3 src/transformer/merge_jsons.py data/raw/chrome/08_12_2022 data/merged/chrome/08_12_2022
      request
    deps:
    - path: data/raw/chrome/08_12_2022
      md5: b83b3a7e8a0f840612a3ae460428cfae.dir
      size: 232154726
      nfiles: 2
    - path: src/transformer/merge_jsons.py
      md5: 28b6d39b4394adfff9242fee5b0540b2
      size: 5309
    outs:
    - path: data/merged/chrome/08_12_2022/merged_data_request.json.gz
      md5: c173c1b6c54fbed72b907e4e7e82c48b
      size: 87453380
  merge_response@brave:
    cmd: python3 src/transformer/merge_jsons.py data/raw/brave/08_12_2022 data/merged/brave/08_12_2022
      response
    deps:
    - path: data/raw/brave/08_12_2022
      md5: 12ad2682b82b8e3cbcec4f6c6b692484.dir
      size: 109590451
      nfiles: 2
    - path: src/transformer/merge_jsons.py
      md5: 28b6d39b4394adfff9242fee5b0540b2
      size: 5309
    outs:
    - path: data/merged/brave/08_12_2022/merged_data_response.json.gz
      md5: 575b6d933c7169679745e4e6fa674bfa
      size: 73445932
  merge_response@chrome_old:
    cmd: python3 src/transformer/merge_jsons.py data/raw/chrome/08_12_2022 data/merged/chrome/08_12_2022
      response
    deps:
    - path: data/raw/chrome/08_12_2022
      md5: b83b3a7e8a0f840612a3ae460428cfae.dir
      size: 232154726
      nfiles: 2
    - path: src/transformer/merge_jsons.py
      md5: 28b6d39b4394adfff9242fee5b0540b2
      size: 5309
    outs:
    - path: data/merged/chrome/08_12_2022/merged_data_response.json.gz
      md5: 4a719e86851ae03c4eeb7390d09e761c
      size: 138492783
  merge_response@firefox:
    cmd: python3 src/transformer/merge_jsons.py data/raw/firefox/08_12_2022 data/merged/firefox/08_12_2022
      response
    deps:
    - path: data/raw/firefox/08_12_2022
      md5: 233ccf36ea7ca5a0b791cc3b4e489487.dir
      size: 217382839
      nfiles: 3
    - path: src/transformer/merge_jsons.py
      md5: 28b6d39b4394adfff9242fee5b0540b2
      size: 5309
    outs:
    - path: data/merged/firefox/08_12_2022/merged_data_response.json.gz
      md5: 0995e4a6cc241e16211393b9cb601652
      size: 137201992
  merge_request@brave:
    cmd: python3 src/transformer/merge_jsons.py data/raw/brave/08_12_2022 data/merged/brave/08_12_2022
      request
    deps:
    - path: data/raw/brave/08_12_2022
      md5: 12ad2682b82b8e3cbcec4f6c6b692484.dir
      size: 109590451
      nfiles: 2
    - path: src/transformer/merge_jsons.py
      md5: 28b6d39b4394adfff9242fee5b0540b2
      size: 5309
    outs:
    - path: data/merged/brave/08_12_2022/merged_data_request.json.gz
      md5: 4f57cb40bf16913dd84454ac5ebb5545
      size: 28708656
  merge_response@chrome_new:
    cmd: python3 src/transformer/merge_jsons.py data/raw/chrome/03_29_2023 data/merged/chrome/03_29_2023
      response
    deps:
    - path: data/raw/chrome/03_29_2023
      md5: 16f223efdb3cb89c7415f9f93afc7401.dir
      size: 204561412
      nfiles: 14
    - path: src/transformer/merge_jsons.py
      md5: 28b6d39b4394adfff9242fee5b0540b2
      size: 5309
    outs:
    - path: data/merged/chrome/03_29_2023/merged_data_response.json.gz
      md5: 4659fc30b001daf8e73dffa9c2377ada
      size: 125599856
  merge_request@firefox:
    cmd: python3 src/transformer/merge_jsons.py data/raw/firefox/08_12_2022 data/merged/firefox/08_12_2022
      request
    deps:
    - path: data/raw/firefox/08_12_2022
      md5: 233ccf36ea7ca5a0b791cc3b4e489487.dir
      size: 217382839
      nfiles: 3
    - path: src/transformer/merge_jsons.py
      md5: 28b6d39b4394adfff9242fee5b0540b2
      size: 5309
    outs:
    - path: data/merged/firefox/08_12_2022/merged_data_request.json.gz
      md5: 775a98cbd4f567bb1eb5c1474231d99b
      size: 77073786
